
Microsoft Visual Studio Solution File, Format Version 12.00
# Visual Studio Version 17
VisualStudioVersion = 17.6.33829.357
MinimumVisualStudioVersion = 10.0.40219.1
Project("{FAE04EC0-301F-11D3-BF4B-00C04F79EFBC}") = "Warehouse.API", "Warehouse.API\Warehouse.API.csproj", "{AE221B16-4B09-47B2-B2B8-42821846C9B5}"
EndProject
Global
	GlobalSection(SolutionConfigurationPlatforms) = preSolution
		Debug|Any CPU = Debug|Any CPU
		Release|Any CPU = Release|Any CPU
	EndGlobalSection
	GlobalSection(ProjectConfigurationPlatforms) = postSolution
		{AE221B16-4B09-47B2-B2B8-42821846C9B5}.Debug|Any CPU.ActiveCfg = Debug|Any CPU
		{AE221B16-4B09-47B2-B2B8-42821846C9B5}.Debug|Any CPU.Build.0 = Debug|Any CPU
		{AE221B16-4B09-47B2-B2B8-42821846C9B5}.Release|Any CPU.ActiveCfg = Release|Any CPU
		{AE221B16-4B09-47B2-B2B8-42821846C9B5}.Release|Any CPU.Build.0 = Release|Any CPU
	EndGlobalSection
	GlobalSection(SolutionProperties) = preSolution
		HideSolutionNode = FALSE
	EndGlobalSection
	GlobalSection(ExtensibilityGlobals) = postSolution
		SolutionGuid = {29B2BC37-6F30-42F2-9899-82E813A22673}
	EndGlobalSection
EndGlobal
