
Microsoft Visual Studio Solution File, Format Version 12.00
# Visual Studio Version 17
VisualStudioVersion = 17.6.33829.357
MinimumVisualStudioVersion = 10.0.40219.1
Project("{9A19103F-16F7-4668-BE54-9A1E7A4F7556}") = "Warehouse.UI", "Warehouse.API\Warehouse.UI.csproj", "{AE221B16-4B09-47B2-B2B8-42821846C9B5}"
EndProject
Project("{9A19103F-16F7-4668-BE54-9A1E7A4F7556}") = "Warehouse.Domain", "Warehouse.Domain\Warehouse.Domain.csproj", "{4FEDE979-37B3-4176-842D-CCABE7E2A9A0}"
EndProject
Project("{9A19103F-16F7-4668-BE54-9A1E7A4F7556}") = "Warehouse.Application", "Warehouse.Application\Warehouse.Application.csproj", "{F4A3D79B-ADCC-4541-A110-BA0113E6AD8D}"
EndProject
Project("{9A19103F-16F7-4668-BE54-9A1E7A4F7556}") = "Warehouse.Infrastructure", "Warehouse.Infrastructure\Warehouse.Infrastructure.csproj", "{EE17E8F4-B824-4301-8BB3-A6F3CC0E1AF1}"
EndProject
Project("{2150E333-8FDC-42A3-9474-1A3956D46DE8}") = "Solution Items", "Solution Items", "{2CC9533B-E96A-44FB-9F22-6EABE32C0A69}"
	ProjectSection(SolutionItems) = preProject
		.editorconfig = .editorconfig
	EndProjectSection
EndProject
Global
	GlobalSection(SolutionConfigurationPlatforms) = preSolution
		Debug|Any CPU = Debug|Any CPU
		Release|Any CPU = Release|Any CPU
	EndGlobalSection
	GlobalSection(ProjectConfigurationPlatforms) = postSolution
		{AE221B16-4B09-47B2-B2B8-42821846C9B5}.Debug|Any CPU.ActiveCfg = Debug|Any CPU
		{AE221B16-4B09-47B2-B2B8-42821846C9B5}.Debug|Any CPU.Build.0 = Debug|Any CPU
		{AE221B16-4B09-47B2-B2B8-42821846C9B5}.Release|Any CPU.ActiveCfg = Release|Any CPU
		{AE221B16-4B09-47B2-B2B8-42821846C9B5}.Release|Any CPU.Build.0 = Release|Any CPU
		{4FEDE979-37B3-4176-842D-CCABE7E2A9A0}.Debug|Any CPU.ActiveCfg = Debug|Any CPU
		{4FEDE979-37B3-4176-842D-CCABE7E2A9A0}.Debug|Any CPU.Build.0 = Debug|Any CPU
		{4FEDE979-37B3-4176-842D-CCABE7E2A9A0}.Release|Any CPU.ActiveCfg = Release|Any CPU
		{4FEDE979-37B3-4176-842D-CCABE7E2A9A0}.Release|Any CPU.Build.0 = Release|Any CPU
		{F4A3D79B-ADCC-4541-A110-BA0113E6AD8D}.Debug|Any CPU.ActiveCfg = Debug|Any CPU
		{F4A3D79B-ADCC-4541-A110-BA0113E6AD8D}.Debug|Any CPU.Build.0 = Debug|Any CPU
		{F4A3D79B-ADCC-4541-A110-BA0113E6AD8D}.Release|Any CPU.ActiveCfg = Release|Any CPU
		{F4A3D79B-ADCC-4541-A110-BA0113E6AD8D}.Release|Any CPU.Build.0 = Release|Any CPU
		{EE17E8F4-B824-4301-8BB3-A6F3CC0E1AF1}.Debug|Any CPU.ActiveCfg = Debug|Any CPU
		{EE17E8F4-B824-4301-8BB3-A6F3CC0E1AF1}.Debug|Any CPU.Build.0 = Debug|Any CPU
		{EE17E8F4-B824-4301-8BB3-A6F3CC0E1AF1}.Release|Any CPU.ActiveCfg = Release|Any CPU
		{EE17E8F4-B824-4301-8BB3-A6F3CC0E1AF1}.Release|Any CPU.Build.0 = Release|Any CPU
	EndGlobalSection
	GlobalSection(SolutionProperties) = preSolution
		HideSolutionNode = FALSE
	EndGlobalSection
	GlobalSection(ExtensibilityGlobals) = postSolution
		SolutionGuid = {29B2BC37-6F30-42F2-9899-82E813A22673}
	EndGlobalSection
EndGlobal
